# This file is automatically @generated by Cargo.
# It is not intended for manual editing.
version = 3

[[package]]
name = "crate_template_lynx"
version = "0.0.2"
source = "registry+https://github.com/rust-lang/crates.io-index"
checksum = "b555ea7d459dacd8aace5bc18ae6d3910410372a8d56b5ffc8557fe52ebf1230"

[[package]]
name = "test_proj"
version = "0.1.0"
dependencies = [
 "crate_template_lynx",
]
